
Microsoft Visual Studio Solution File, Format Version 12.00
# Visual Studio 14
VisualStudioVersion = 14.0.24720.0
MinimumVisualStudioVersion = 10.0.40219.1
Project("{FAE04EC0-301F-11D3-BF4B-00C04F79EFBC}") = "TDD_Day1_HomeWork", "TDD_Day1_HomeWork\TDD_Day1_HomeWork.csproj", "{EE418286-BA39-435F-81E3-B996D834DA97}"
EndProject
Project("{FAE04EC0-301F-11D3-BF4B-00C04F79EFBC}") = "ApplicationService", "ApplicationService\ApplicationService.csproj", "{E0CC90A7-AAAA-4A2C-B4F7-7928BD11DBA1}"
EndProject
Project("{FAE04EC0-301F-11D3-BF4B-00C04F79EFBC}") = "DomainModel", "DomainModel\DomainModel.csproj", "{DA85DA9D-192D-4937-B5F6-E141111FC6A5}"
EndProject
Project("{FAE04EC0-301F-11D3-BF4B-00C04F79EFBC}") = "RepositoryModel", "RepositoryModel\RepositoryModel.csproj", "{7E453D03-C9F1-447F-BA3B-757CB6A466C8}"
EndProject
Global
	GlobalSection(SolutionConfigurationPlatforms) = preSolution
		Debug|Any CPU = Debug|Any CPU
		Release|Any CPU = Release|Any CPU
	EndGlobalSection
	GlobalSection(ProjectConfigurationPlatforms) = postSolution
		{EE418286-BA39-435F-81E3-B996D834DA97}.Debug|Any CPU.ActiveCfg = Debug|Any CPU
		{EE418286-BA39-435F-81E3-B996D834DA97}.Debug|Any CPU.Build.0 = Debug|Any CPU
		{EE418286-BA39-435F-81E3-B996D834DA97}.Release|Any CPU.ActiveCfg = Release|Any CPU
		{EE418286-BA39-435F-81E3-B996D834DA97}.Release|Any CPU.Build.0 = Release|Any CPU
		{E0CC90A7-AAAA-4A2C-B4F7-7928BD11DBA1}.Debug|Any CPU.ActiveCfg = Debug|Any CPU
		{E0CC90A7-AAAA-4A2C-B4F7-7928BD11DBA1}.Debug|Any CPU.Build.0 = Debug|Any CPU
		{E0CC90A7-AAAA-4A2C-B4F7-7928BD11DBA1}.Release|Any CPU.ActiveCfg = Release|Any CPU
		{E0CC90A7-AAAA-4A2C-B4F7-7928BD11DBA1}.Release|Any CPU.Build.0 = Release|Any CPU
		{DA85DA9D-192D-4937-B5F6-E141111FC6A5}.Debug|Any CPU.ActiveCfg = Debug|Any CPU
		{DA85DA9D-192D-4937-B5F6-E141111FC6A5}.Debug|Any CPU.Build.0 = Debug|Any CPU
		{DA85DA9D-192D-4937-B5F6-E141111FC6A5}.Release|Any CPU.ActiveCfg = Release|Any CPU
		{DA85DA9D-192D-4937-B5F6-E141111FC6A5}.Release|Any CPU.Build.0 = Release|Any CPU
		{7E453D03-C9F1-447F-BA3B-757CB6A466C8}.Debug|Any CPU.ActiveCfg = Debug|Any CPU
		{7E453D03-C9F1-447F-BA3B-757CB6A466C8}.Debug|Any CPU.Build.0 = Debug|Any CPU
		{7E453D03-C9F1-447F-BA3B-757CB6A466C8}.Release|Any CPU.ActiveCfg = Release|Any CPU
		{7E453D03-C9F1-447F-BA3B-757CB6A466C8}.Release|Any CPU.Build.0 = Release|Any CPU
	EndGlobalSection
	GlobalSection(SolutionProperties) = preSolution
		HideSolutionNode = FALSE
	EndGlobalSection
EndGlobal
